// !$*UTF8*$!
{
	archiveVersion = 1;
	classes = {
	};
	objectVersion = 51;
	objects = {

/* Begin PBXBuildFile section */
		16B284451894F4E734B1117F /* Pods_CodingAssignmentTests.framework in Frameworks */ = {isa = PBXBuildFile; fileRef = 90F0F2AE99843FC47A86E423 /* Pods_CodingAssignmentTests.framework */; };
		537531072BA7216187261654 /* Pods_CodingAssignment_CodingAssignmentUITests.framework in Frameworks */ = {isa = PBXBuildFile; fileRef = EC6E6D73E8C49E03FDFA1A2D /* Pods_CodingAssignment_CodingAssignmentUITests.framework */; };
		5C01A70D253704C2004A598D /* AppDelegate.swift in Sources */ = {isa = PBXBuildFile; fileRef = 5C01A70C253704C2004A598D /* AppDelegate.swift */; };
		5C01A711253704C2004A598D /* HomeViewController.swift in Sources */ = {isa = PBXBuildFile; fileRef = 5C01A710253704C2004A598D /* HomeViewController.swift */; };
		5C01A716253704C3004A598D /* Assets.xcassets in Resources */ = {isa = PBXBuildFile; fileRef = 5C01A715253704C3004A598D /* Assets.xcassets */; };
		5C01A719253704C3004A598D /* LaunchScreen.storyboard in Resources */ = {isa = PBXBuildFile; fileRef = 5C01A717253704C3004A598D /* LaunchScreen.storyboard */; };
		5C01A724253704C3004A598D /* HomeViewControllerTests.swift in Sources */ = {isa = PBXBuildFile; fileRef = 5C01A723253704C3004A598D /* HomeViewControllerTests.swift */; };
		5C01A72F253704C3004A598D /* CodingAssignmentUITests.swift in Sources */ = {isa = PBXBuildFile; fileRef = 5C01A72E253704C3004A598D /* CodingAssignmentUITests.swift */; };
		5C01A77D25376413004A598D /* InfoTableViewCell.swift in Sources */ = {isa = PBXBuildFile; fileRef = 5C01A77C25376413004A598D /* InfoTableViewCell.swift */; };
		5C01A77F253766E3004A598D /* NetworkManager.swift in Sources */ = {isa = PBXBuildFile; fileRef = 5C01A77E253766E3004A598D /* NetworkManager.swift */; };
		5C01A7812537683E004A598D /* Reachability.swift in Sources */ = {isa = PBXBuildFile; fileRef = 5C01A7802537683E004A598D /* Reachability.swift */; };
		5C2BA4952538B3410089695F /* InfoViewModel.swift in Sources */ = {isa = PBXBuildFile; fileRef = 5C2BA4942538B3410089695F /* InfoViewModel.swift */; };
		5C2BA4972538B7640089695F /* Constant.swift in Sources */ = {isa = PBXBuildFile; fileRef = 5C2BA4962538B7640089695F /* Constant.swift */; };
		5C85E4EC2537782500199DDD /* InfoModel.swift in Sources */ = {isa = PBXBuildFile; fileRef = 5C85E4EB2537782500199DDD /* InfoModel.swift */; };
		C0EE7FA99457648F1AF8B8FC /* Pods_CodingAssignment.framework in Frameworks */ = {isa = PBXBuildFile; fileRef = E1AE572552C8818892AC539C /* Pods_CodingAssignment.framework */; };
/* End PBXBuildFile section */

/* Begin PBXContainerItemProxy section */
		5C01A720253704C3004A598D /* PBXContainerItemProxy */ = {
			isa = PBXContainerItemProxy;
			containerPortal = 5C01A701253704C2004A598D /* Project object */;
			proxyType = 1;
			remoteGlobalIDString = 5C01A708253704C2004A598D;
			remoteInfo = CodingAssignment;
		};
		5C01A72B253704C3004A598D /* PBXContainerItemProxy */ = {
			isa = PBXContainerItemProxy;
			containerPortal = 5C01A701253704C2004A598D /* Project object */;
			proxyType = 1;
			remoteGlobalIDString = 5C01A708253704C2004A598D;
			remoteInfo = CodingAssignment;
		};
/* End PBXContainerItemProxy section */

/* Begin PBXFileReference section */
		175AFBDBC78B0BBF115F8175 /* Pods-CodingAssignment.debug.xcconfig */ = {isa = PBXFileReference; includeInIndex = 1; lastKnownFileType = text.xcconfig; name = "Pods-CodingAssignment.debug.xcconfig"; path = "Target Support Files/Pods-CodingAssignment/Pods-CodingAssignment.debug.xcconfig"; sourceTree = "<group>"; };
		5C01A709253704C2004A598D /* CodingAssignment.app */ = {isa = PBXFileReference; explicitFileType = wrapper.application; includeInIndex = 0; path = CodingAssignment.app; sourceTree = BUILT_PRODUCTS_DIR; };
		5C01A70C253704C2004A598D /* AppDelegate.swift */ = {isa = PBXFileReference; lastKnownFileType = sourcecode.swift; path = AppDelegate.swift; sourceTree = "<group>"; };
		5C01A710253704C2004A598D /* HomeViewController.swift */ = {isa = PBXFileReference; lastKnownFileType = sourcecode.swift; path = HomeViewController.swift; sourceTree = "<group>"; };
		5C01A715253704C3004A598D /* Assets.xcassets */ = {isa = PBXFileReference; lastKnownFileType = folder.assetcatalog; path = Assets.xcassets; sourceTree = "<group>"; };
		5C01A718253704C3004A598D /* Base */ = {isa = PBXFileReference; lastKnownFileType = file.storyboard; name = Base; path = Base.lproj/LaunchScreen.storyboard; sourceTree = "<group>"; };
		5C01A71A253704C3004A598D /* Info.plist */ = {isa = PBXFileReference; lastKnownFileType = text.plist.xml; path = Info.plist; sourceTree = "<group>"; };
		5C01A71F253704C3004A598D /* CodingAssignmentTests.xctest */ = {isa = PBXFileReference; explicitFileType = wrapper.cfbundle; includeInIndex = 0; path = CodingAssignmentTests.xctest; sourceTree = BUILT_PRODUCTS_DIR; };
		5C01A723253704C3004A598D /* HomeViewControllerTests.swift */ = {isa = PBXFileReference; lastKnownFileType = sourcecode.swift; path = HomeViewControllerTests.swift; sourceTree = "<group>"; };
		5C01A725253704C3004A598D /* Info.plist */ = {isa = PBXFileReference; lastKnownFileType = text.plist.xml; path = Info.plist; sourceTree = "<group>"; };
		5C01A72A253704C3004A598D /* CodingAssignmentUITests.xctest */ = {isa = PBXFileReference; explicitFileType = wrapper.cfbundle; includeInIndex = 0; path = CodingAssignmentUITests.xctest; sourceTree = BUILT_PRODUCTS_DIR; };
		5C01A72E253704C3004A598D /* CodingAssignmentUITests.swift */ = {isa = PBXFileReference; lastKnownFileType = sourcecode.swift; path = CodingAssignmentUITests.swift; sourceTree = "<group>"; };
		5C01A730253704C3004A598D /* Info.plist */ = {isa = PBXFileReference; lastKnownFileType = text.plist.xml; path = Info.plist; sourceTree = "<group>"; };
		5C01A77C25376413004A598D /* InfoTableViewCell.swift */ = {isa = PBXFileReference; lastKnownFileType = sourcecode.swift; path = InfoTableViewCell.swift; sourceTree = "<group>"; };
		5C01A77E253766E3004A598D /* NetworkManager.swift */ = {isa = PBXFileReference; lastKnownFileType = sourcecode.swift; path = NetworkManager.swift; sourceTree = "<group>"; };
		5C01A7802537683E004A598D /* Reachability.swift */ = {isa = PBXFileReference; lastKnownFileType = sourcecode.swift; path = Reachability.swift; sourceTree = "<group>"; };
		5C2BA4942538B3410089695F /* InfoViewModel.swift */ = {isa = PBXFileReference; lastKnownFileType = sourcecode.swift; path = InfoViewModel.swift; sourceTree = "<group>"; };
		5C2BA4962538B7640089695F /* Constant.swift */ = {isa = PBXFileReference; lastKnownFileType = sourcecode.swift; path = Constant.swift; sourceTree = "<group>"; };
		5C85E4EB2537782500199DDD /* InfoModel.swift */ = {isa = PBXFileReference; lastKnownFileType = sourcecode.swift; path = InfoModel.swift; sourceTree = "<group>"; };
		90F0F2AE99843FC47A86E423 /* Pods_CodingAssignmentTests.framework */ = {isa = PBXFileReference; explicitFileType = wrapper.framework; includeInIndex = 0; path = Pods_CodingAssignmentTests.framework; sourceTree = BUILT_PRODUCTS_DIR; };
		94652D8F10A039DBDCA0B4B0 /* Pods-CodingAssignmentTests.release.xcconfig */ = {isa = PBXFileReference; includeInIndex = 1; lastKnownFileType = text.xcconfig; name = "Pods-CodingAssignmentTests.release.xcconfig"; path = "Target Support Files/Pods-CodingAssignmentTests/Pods-CodingAssignmentTests.release.xcconfig"; sourceTree = "<group>"; };
		A255D031EC0BC2D8C4E68733 /* Pods-CodingAssignmentTests.debug.xcconfig */ = {isa = PBXFileReference; includeInIndex = 1; lastKnownFileType = text.xcconfig; name = "Pods-CodingAssignmentTests.debug.xcconfig"; path = "Target Support Files/Pods-CodingAssignmentTests/Pods-CodingAssignmentTests.debug.xcconfig"; sourceTree = "<group>"; };
		B4B488F927FA643C2315F772 /* Pods-CodingAssignment.release.xcconfig */ = {isa = PBXFileReference; includeInIndex = 1; lastKnownFileType = text.xcconfig; name = "Pods-CodingAssignment.release.xcconfig"; path = "Target Support Files/Pods-CodingAssignment/Pods-CodingAssignment.release.xcconfig"; sourceTree = "<group>"; };
		D74CF8E315038B3279907499 /* Pods-CodingAssignment-CodingAssignmentUITests.debug.xcconfig */ = {isa = PBXFileReference; includeInIndex = 1; lastKnownFileType = text.xcconfig; name = "Pods-CodingAssignment-CodingAssignmentUITests.debug.xcconfig"; path = "Target Support Files/Pods-CodingAssignment-CodingAssignmentUITests/Pods-CodingAssignment-CodingAssignmentUITests.debug.xcconfig"; sourceTree = "<group>"; };
		E1AE572552C8818892AC539C /* Pods_CodingAssignment.framework */ = {isa = PBXFileReference; explicitFileType = wrapper.framework; includeInIndex = 0; path = Pods_CodingAssignment.framework; sourceTree = BUILT_PRODUCTS_DIR; };
		EC6E6D73E8C49E03FDFA1A2D /* Pods_CodingAssignment_CodingAssignmentUITests.framework */ = {isa = PBXFileReference; explicitFileType = wrapper.framework; includeInIndex = 0; path = Pods_CodingAssignment_CodingAssignmentUITests.framework; sourceTree = BUILT_PRODUCTS_DIR; };
		FB94B211F6B3D86B8E30307B /* Pods-CodingAssignment-CodingAssignmentUITests.release.xcconfig */ = {isa = PBXFileReference; includeInIndex = 1; lastKnownFileType = text.xcconfig; name = "Pods-CodingAssignment-CodingAssignmentUITests.release.xcconfig"; path = "Target Support Files/Pods-CodingAssignment-CodingAssignmentUITests/Pods-CodingAssignment-CodingAssignmentUITests.release.xcconfig"; sourceTree = "<group>"; };
/* End PBXFileReference section */

/* Begin PBXFrameworksBuildPhase section */
		5C01A706253704C2004A598D /* Frameworks */ = {
			isa = PBXFrameworksBuildPhase;
			buildActionMask = 2147483647;
			files = (
				C0EE7FA99457648F1AF8B8FC /* Pods_CodingAssignment.framework in Frameworks */,
			);
			runOnlyForDeploymentPostprocessing = 0;
		};
		5C01A71C253704C3004A598D /* Frameworks */ = {
			isa = PBXFrameworksBuildPhase;
			buildActionMask = 2147483647;
			files = (
				16B284451894F4E734B1117F /* Pods_CodingAssignmentTests.framework in Frameworks */,
			);
			runOnlyForDeploymentPostprocessing = 0;
		};
		5C01A727253704C3004A598D /* Frameworks */ = {
			isa = PBXFrameworksBuildPhase;
			buildActionMask = 2147483647;
			files = (
				537531072BA7216187261654 /* Pods_CodingAssignment_CodingAssignmentUITests.framework in Frameworks */,
			);
			runOnlyForDeploymentPostprocessing = 0;
		};
/* End PBXFrameworksBuildPhase section */

/* Begin PBXGroup section */
		456721F842886C18683BBC0C /* Pods */ = {
			isa = PBXGroup;
			children = (
				175AFBDBC78B0BBF115F8175 /* Pods-CodingAssignment.debug.xcconfig */,
				B4B488F927FA643C2315F772 /* Pods-CodingAssignment.release.xcconfig */,
				D74CF8E315038B3279907499 /* Pods-CodingAssignment-CodingAssignmentUITests.debug.xcconfig */,
				FB94B211F6B3D86B8E30307B /* Pods-CodingAssignment-CodingAssignmentUITests.release.xcconfig */,
				A255D031EC0BC2D8C4E68733 /* Pods-CodingAssignmentTests.debug.xcconfig */,
				94652D8F10A039DBDCA0B4B0 /* Pods-CodingAssignmentTests.release.xcconfig */,
			);
			path = Pods;
			sourceTree = "<group>";
		};
		5C01A700253704C2004A598D = {
			isa = PBXGroup;
			children = (
				5C01A70B253704C2004A598D /* CodingAssignment */,
				5C01A722253704C3004A598D /* CodingAssignmentTests */,
				5C01A72D253704C3004A598D /* CodingAssignmentUITests */,
				5C01A70A253704C2004A598D /* Products */,
				456721F842886C18683BBC0C /* Pods */,
				8009D74DE6D7A8B55D204403 /* Frameworks */,
			);
			sourceTree = "<group>";
		};
		5C01A70A253704C2004A598D /* Products */ = {
			isa = PBXGroup;
			children = (
				5C01A709253704C2004A598D /* CodingAssignment.app */,
				5C01A71F253704C3004A598D /* CodingAssignmentTests.xctest */,
				5C01A72A253704C3004A598D /* CodingAssignmentUITests.xctest */,
			);
			name = Products;
			sourceTree = "<group>";
		};
		5C01A70B253704C2004A598D /* CodingAssignment */ = {
			isa = PBXGroup;
			children = (
				5C01A7842537708D004A598D /* AppDelegate */,
				5C85E4EA253777FE00199DDD /* Model */,
				5C2BA4932538B2AD0089695F /* ViewModel */,
				5C01A786253770D8004A598D /* ViewController */,
				5C01A787253770F5004A598D /* View */,
				5C01A785253770B5004A598D /* Network Layer */,
				5C01A78825377123004A598D /* Helper Files */,
				5C01A715253704C3004A598D /* Assets.xcassets */,
				5C01A717253704C3004A598D /* LaunchScreen.storyboard */,
				5C01A71A253704C3004A598D /* Info.plist */,
			);
			path = CodingAssignment;
			sourceTree = "<group>";
		};
		5C01A722253704C3004A598D /* CodingAssignmentTests */ = {
			isa = PBXGroup;
			children = (
				5C01A723253704C3004A598D /* HomeViewControllerTests.swift */,
				5C01A725253704C3004A598D /* Info.plist */,
			);
			path = CodingAssignmentTests;
			sourceTree = "<group>";
		};
		5C01A72D253704C3004A598D /* CodingAssignmentUITests */ = {
			isa = PBXGroup;
			children = (
				5C01A72E253704C3004A598D /* CodingAssignmentUITests.swift */,
				5C01A730253704C3004A598D /* Info.plist */,
			);
			path = CodingAssignmentUITests;
			sourceTree = "<group>";
		};
		5C01A7842537708D004A598D /* AppDelegate */ = {
			isa = PBXGroup;
			children = (
				5C01A70C253704C2004A598D /* AppDelegate.swift */,
			);
			path = AppDelegate;
			sourceTree = "<group>";
		};
		5C01A785253770B5004A598D /* Network Layer */ = {
			isa = PBXGroup;
			children = (
				5C01A77E253766E3004A598D /* NetworkManager.swift */,
			);
			path = "Network Layer";
			sourceTree = "<group>";
		};
		5C01A786253770D8004A598D /* ViewController */ = {
			isa = PBXGroup;
			children = (
				5C01A710253704C2004A598D /* HomeViewController.swift */,
			);
			path = ViewController;
			sourceTree = "<group>";
		};
		5C01A787253770F5004A598D /* View */ = {
			isa = PBXGroup;
			children = (
				5C01A77C25376413004A598D /* InfoTableViewCell.swift */,
			);
			path = View;
			sourceTree = "<group>";
		};
		5C01A78825377123004A598D /* Helper Files */ = {
			isa = PBXGroup;
			children = (
				5C01A7802537683E004A598D /* Reachability.swift */,
				5C2BA4962538B7640089695F /* Constant.swift */,
			);
			path = "Helper Files";
			sourceTree = "<group>";
		};
		5C2BA4932538B2AD0089695F /* ViewModel */ = {
			isa = PBXGroup;
			children = (
				5C2BA4942538B3410089695F /* InfoViewModel.swift */,
			);
			path = ViewModel;
			sourceTree = "<group>";
		};
		5C85E4EA253777FE00199DDD /* Model */ = {
			isa = PBXGroup;
			children = (
				5C85E4EB2537782500199DDD /* InfoModel.swift */,
			);
			path = Model;
			sourceTree = "<group>";
		};
		8009D74DE6D7A8B55D204403 /* Frameworks */ = {
			isa = PBXGroup;
			children = (
				E1AE572552C8818892AC539C /* Pods_CodingAssignment.framework */,
				EC6E6D73E8C49E03FDFA1A2D /* Pods_CodingAssignment_CodingAssignmentUITests.framework */,
				90F0F2AE99843FC47A86E423 /* Pods_CodingAssignmentTests.framework */,
			);
			name = Frameworks;
			sourceTree = "<group>";
		};
/* End PBXGroup section */

/* Begin PBXNativeTarget section */
		5C01A708253704C2004A598D /* CodingAssignment */ = {
			isa = PBXNativeTarget;
			buildConfigurationList = 5C01A733253704C3004A598D /* Build configuration list for PBXNativeTarget "CodingAssignment" */;
			buildPhases = (
				AA4D1EABADD9D22BFBA3624A /* [CP] Check Pods Manifest.lock */,
				5C01A705253704C2004A598D /* Sources */,
				5C01A706253704C2004A598D /* Frameworks */,
				5C01A707253704C2004A598D /* Resources */,
				CF7424A78D92B3DE49A3D941 /* [CP] Embed Pods Frameworks */,
			);
			buildRules = (
			);
			dependencies = (
			);
			name = CodingAssignment;
			productName = CodingAssignment;
			productReference = 5C01A709253704C2004A598D /* CodingAssignment.app */;
			productType = "com.apple.product-type.application";
		};
		5C01A71E253704C3004A598D /* CodingAssignmentTests */ = {
			isa = PBXNativeTarget;
			buildConfigurationList = 5C01A736253704C3004A598D /* Build configuration list for PBXNativeTarget "CodingAssignmentTests" */;
			buildPhases = (
				7534FEEFD20418DD4DBADDAC /* [CP] Check Pods Manifest.lock */,
				5C01A71B253704C3004A598D /* Sources */,
				5C01A71C253704C3004A598D /* Frameworks */,
				5C01A71D253704C3004A598D /* Resources */,
			);
			buildRules = (
			);
			dependencies = (
				5C01A721253704C3004A598D /* PBXTargetDependency */,
			);
			name = CodingAssignmentTests;
			productName = CodingAssignmentTests;
			productReference = 5C01A71F253704C3004A598D /* CodingAssignmentTests.xctest */;
			productType = "com.apple.product-type.bundle.unit-test";
		};
		5C01A729253704C3004A598D /* CodingAssignmentUITests */ = {
			isa = PBXNativeTarget;
			buildConfigurationList = 5C01A739253704C3004A598D /* Build configuration list for PBXNativeTarget "CodingAssignmentUITests" */;
			buildPhases = (
				1A0FC34C0A0DE601622F4484 /* [CP] Check Pods Manifest.lock */,
				5C01A726253704C3004A598D /* Sources */,
				5C01A727253704C3004A598D /* Frameworks */,
				5C01A728253704C3004A598D /* Resources */,
				F164AD870F014EBD070897B2 /* [CP] Embed Pods Frameworks */,
			);
			buildRules = (
			);
			dependencies = (
				5C01A72C253704C3004A598D /* PBXTargetDependency */,
			);
			name = CodingAssignmentUITests;
			productName = CodingAssignmentUITests;
			productReference = 5C01A72A253704C3004A598D /* CodingAssignmentUITests.xctest */;
			productType = "com.apple.product-type.bundle.ui-testing";
		};
/* End PBXNativeTarget section */

/* Begin PBXProject section */
		5C01A701253704C2004A598D /* Project object */ = {
			isa = PBXProject;
			attributes = {
				LastSwiftUpdateCheck = 1150;
				LastUpgradeCheck = 1150;
				ORGANIZATIONNAME = "FT User";
				TargetAttributes = {
					5C01A708253704C2004A598D = {
						CreatedOnToolsVersion = 11.5;
					};
					5C01A71E253704C3004A598D = {
						CreatedOnToolsVersion = 11.5;
						TestTargetID = 5C01A708253704C2004A598D;
					};
					5C01A729253704C3004A598D = {
						CreatedOnToolsVersion = 11.5;
						TestTargetID = 5C01A708253704C2004A598D;
					};
				};
			};
			buildConfigurationList = 5C01A704253704C2004A598D /* Build configuration list for PBXProject "CodingAssignment" */;
			compatibilityVersion = "Xcode 9.3";
			developmentRegion = en;
			hasScannedForEncodings = 0;
			knownRegions = (
				en,
				Base,
			);
			mainGroup = 5C01A700253704C2004A598D;
			productRefGroup = 5C01A70A253704C2004A598D /* Products */;
			projectDirPath = "";
			projectRoot = "";
			targets = (
				5C01A708253704C2004A598D /* CodingAssignment */,
				5C01A71E253704C3004A598D /* CodingAssignmentTests */,
				5C01A729253704C3004A598D /* CodingAssignmentUITests */,
			);
		};
/* End PBXProject section */

/* Begin PBXResourcesBuildPhase section */
		5C01A707253704C2004A598D /* Resources */ = {
			isa = PBXResourcesBuildPhase;
			buildActionMask = 2147483647;
			files = (
				5C01A719253704C3004A598D /* LaunchScreen.storyboard in Resources */,
				5C01A716253704C3004A598D /* Assets.xcassets in Resources */,
			);
			runOnlyForDeploymentPostprocessing = 0;
		};
		5C01A71D253704C3004A598D /* Resources */ = {
			isa = PBXResourcesBuildPhase;
			buildActionMask = 2147483647;
			files = (
			);
			runOnlyForDeploymentPostprocessing = 0;
		};
		5C01A728253704C3004A598D /* Resources */ = {
			isa = PBXResourcesBuildPhase;
			buildActionMask = 2147483647;
			files = (
			);
			runOnlyForDeploymentPostprocessing = 0;
		};
/* End PBXResourcesBuildPhase section */

/* Begin PBXShellScriptBuildPhase section */
		1A0FC34C0A0DE601622F4484 /* [CP] Check Pods Manifest.lock */ = {
			isa = PBXShellScriptBuildPhase;
			buildActionMask = 2147483647;
			files = (
			);
			inputFileListPaths = (
			);
			inputPaths = (
				"${PODS_PODFILE_DIR_PATH}/Podfile.lock",
				"${PODS_ROOT}/Manifest.lock",
			);
			name = "[CP] Check Pods Manifest.lock";
			outputFileListPaths = (
			);
			outputPaths = (
				"$(DERIVED_FILE_DIR)/Pods-CodingAssignment-CodingAssignmentUITests-checkManifestLockResult.txt",
			);
			runOnlyForDeploymentPostprocessing = 0;
			shellPath = /bin/sh;
			shellScript = "diff \"${PODS_PODFILE_DIR_PATH}/Podfile.lock\" \"${PODS_ROOT}/Manifest.lock\" > /dev/null\nif [ $? != 0 ] ; then\n    # print error to STDERR\n    echo \"error: The sandbox is not in sync with the Podfile.lock. Run 'pod install' or update your CocoaPods installation.\" >&2\n    exit 1\nfi\n# This output is used by Xcode 'outputs' to avoid re-running this script phase.\necho \"SUCCESS\" > \"${SCRIPT_OUTPUT_FILE_0}\"\n";
			showEnvVarsInLog = 0;
		};
		7534FEEFD20418DD4DBADDAC /* [CP] Check Pods Manifest.lock */ = {
			isa = PBXShellScriptBuildPhase;
			buildActionMask = 2147483647;
			files = (
			);
			inputFileListPaths = (
			);
			inputPaths = (
				"${PODS_PODFILE_DIR_PATH}/Podfile.lock",
				"${PODS_ROOT}/Manifest.lock",
			);
			name = "[CP] Check Pods Manifest.lock";
			outputFileListPaths = (
			);
			outputPaths = (
				"$(DERIVED_FILE_DIR)/Pods-CodingAssignmentTests-checkManifestLockResult.txt",
			);
			runOnlyForDeploymentPostprocessing = 0;
			shellPath = /bin/sh;
			shellScript = "diff \"${PODS_PODFILE_DIR_PATH}/Podfile.lock\" \"${PODS_ROOT}/Manifest.lock\" > /dev/null\nif [ $? != 0 ] ; then\n    # print error to STDERR\n    echo \"error: The sandbox is not in sync with the Podfile.lock. Run 'pod install' or update your CocoaPods installation.\" >&2\n    exit 1\nfi\n# This output is used by Xcode 'outputs' to avoid re-running this script phase.\necho \"SUCCESS\" > \"${SCRIPT_OUTPUT_FILE_0}\"\n";
			showEnvVarsInLog = 0;
		};
		AA4D1EABADD9D22BFBA3624A /* [CP] Check Pods Manifest.lock */ = {
			isa = PBXShellScriptBuildPhase;
			buildActionMask = 2147483647;
			files = (
			);
			inputFileListPaths = (
			);
			inputPaths = (
				"${PODS_PODFILE_DIR_PATH}/Podfile.lock",
				"${PODS_ROOT}/Manifest.lock",
			);
			name = "[CP] Check Pods Manifest.lock";
			outputFileListPaths = (
			);
			outputPaths = (
				"$(DERIVED_FILE_DIR)/Pods-CodingAssignment-checkManifestLockResult.txt",
			);
			runOnlyForDeploymentPostprocessing = 0;
			shellPath = /bin/sh;
			shellScript = "diff \"${PODS_PODFILE_DIR_PATH}/Podfile.lock\" \"${PODS_ROOT}/Manifest.lock\" > /dev/null\nif [ $? != 0 ] ; then\n    # print error to STDERR\n    echo \"error: The sandbox is not in sync with the Podfile.lock. Run 'pod install' or update your CocoaPods installation.\" >&2\n    exit 1\nfi\n# This output is used by Xcode 'outputs' to avoid re-running this script phase.\necho \"SUCCESS\" > \"${SCRIPT_OUTPUT_FILE_0}\"\n";
			showEnvVarsInLog = 0;
		};
		CF7424A78D92B3DE49A3D941 /* [CP] Embed Pods Frameworks */ = {
			isa = PBXShellScriptBuildPhase;
			buildActionMask = 2147483647;
			files = (
			);
			inputFileListPaths = (
				"${PODS_ROOT}/Target Support Files/Pods-CodingAssignment/Pods-CodingAssignment-frameworks-${CONFIGURATION}-input-files.xcfilelist",
			);
			name = "[CP] Embed Pods Frameworks";
			outputFileListPaths = (
				"${PODS_ROOT}/Target Support Files/Pods-CodingAssignment/Pods-CodingAssignment-frameworks-${CONFIGURATION}-output-files.xcfilelist",
			);
			runOnlyForDeploymentPostprocessing = 0;
			shellPath = /bin/sh;
			shellScript = "\"${PODS_ROOT}/Target Support Files/Pods-CodingAssignment/Pods-CodingAssignment-frameworks.sh\"\n";
			showEnvVarsInLog = 0;
		};
		F164AD870F014EBD070897B2 /* [CP] Embed Pods Frameworks */ = {
			isa = PBXShellScriptBuildPhase;
			buildActionMask = 2147483647;
			files = (
			);
			inputFileListPaths = (
				"${PODS_ROOT}/Target Support Files/Pods-CodingAssignment-CodingAssignmentUITests/Pods-CodingAssignment-CodingAssignmentUITests-frameworks-${CONFIGURATION}-input-files.xcfilelist",
			);
			name = "[CP] Embed Pods Frameworks";
			outputFileListPaths = (
				"${PODS_ROOT}/Target Support Files/Pods-CodingAssignment-CodingAssignmentUITests/Pods-CodingAssignment-CodingAssignmentUITests-frameworks-${CONFIGURATION}-output-files.xcfilelist",
			);
			runOnlyForDeploymentPostprocessing = 0;
			shellPath = /bin/sh;
			shellScript = "\"${PODS_ROOT}/Target Support Files/Pods-CodingAssignment-CodingAssignmentUITests/Pods-CodingAssignment-CodingAssignmentUITests-frameworks.sh\"\n";
			showEnvVarsInLog = 0;
		};
/* End PBXShellScriptBuildPhase section */

/* Begin PBXSourcesBuildPhase section */
		5C01A705253704C2004A598D /* Sources */ = {
			isa = PBXSourcesBuildPhase;
			buildActionMask = 2147483647;
			files = (
				5C01A711253704C2004A598D /* HomeViewController.swift in Sources */,
				5C01A77D25376413004A598D /* InfoTableViewCell.swift in Sources */,
				5C2BA4972538B7640089695F /* Constant.swift in Sources */,
				5C01A7812537683E004A598D /* Reachability.swift in Sources */,
				5C01A77F253766E3004A598D /* NetworkManager.swift in Sources */,
				5C85E4EC2537782500199DDD /* InfoModel.swift in Sources */,
				5C01A70D253704C2004A598D /* AppDelegate.swift in Sources */,
				5C2BA4952538B3410089695F /* InfoViewModel.swift in Sources */,
			);
			runOnlyForDeploymentPostprocessing = 0;
		};
		5C01A71B253704C3004A598D /* Sources */ = {
			isa = PBXSourcesBuildPhase;
			buildActionMask = 2147483647;
			files = (
				5C01A724253704C3004A598D /* HomeViewControllerTests.swift in Sources */,
			);
			runOnlyForDeploymentPostprocessing = 0;
		};
		5C01A726253704C3004A598D /* Sources */ = {
			isa = PBXSourcesBuildPhase;
			buildActionMask = 2147483647;
			files = (
				5C01A72F253704C3004A598D /* CodingAssignmentUITests.swift in Sources */,
			);
			runOnlyForDeploymentPostprocessing = 0;
		};
/* End PBXSourcesBuildPhase section */

/* Begin PBXTargetDependency section */
		5C01A721253704C3004A598D /* PBXTargetDependency */ = {
			isa = PBXTargetDependency;
			target = 5C01A708253704C2004A598D /* CodingAssignment */;
			targetProxy = 5C01A720253704C3004A598D /* PBXContainerItemProxy */;
		};
		5C01A72C253704C3004A598D /* PBXTargetDependency */ = {
			isa = PBXTargetDependency;
			target = 5C01A708253704C2004A598D /* CodingAssignment */;
			targetProxy = 5C01A72B253704C3004A598D /* PBXContainerItemProxy */;
		};
/* End PBXTargetDependency section */

/* Begin PBXVariantGroup section */
		5C01A717253704C3004A598D /* LaunchScreen.storyboard */ = {
			isa = PBXVariantGroup;
			children = (
				5C01A718253704C3004A598D /* Base */,
			);
			name = LaunchScreen.storyboard;
			sourceTree = "<group>";
		};
/* End PBXVariantGroup section */

/* Begin XCBuildConfiguration section */
		5C01A731253704C3004A598D /* Debug */ = {
			isa = XCBuildConfiguration;
			buildSettings = {
				ALWAYS_SEARCH_USER_PATHS = NO;
				CLANG_ANALYZER_NONNULL = YES;
				CLANG_ANALYZER_NUMBER_OBJECT_CONVERSION = YES_AGGRESSIVE;
				CLANG_CXX_LANGUAGE_STANDARD = "gnu++14";
				CLANG_CXX_LIBRARY = "libc++";
				CLANG_ENABLE_MODULES = YES;
				CLANG_ENABLE_OBJC_ARC = YES;
				CLANG_ENABLE_OBJC_WEAK = YES;
				CLANG_WARN_BLOCK_CAPTURE_AUTORELEASING = YES;
				CLANG_WARN_BOOL_CONVERSION = YES;
				CLANG_WARN_COMMA = YES;
				CLANG_WARN_CONSTANT_CONVERSION = YES;
				CLANG_WARN_DEPRECATED_OBJC_IMPLEMENTATIONS = YES;
				CLANG_WARN_DIRECT_OBJC_ISA_USAGE = YES_ERROR;
				CLANG_WARN_DOCUMENTATION_COMMENTS = YES;
				CLANG_WARN_EMPTY_BODY = YES;
				CLANG_WARN_ENUM_CONVERSION = YES;
				CLANG_WARN_INFINITE_RECURSION = YES;
				CLANG_WARN_INT_CONVERSION = YES;
				CLANG_WARN_NON_LITERAL_NULL_CONVERSION = YES;
				CLANG_WARN_OBJC_IMPLICIT_RETAIN_SELF = YES;
				CLANG_WARN_OBJC_LITERAL_CONVERSION = YES;
				CLANG_WARN_OBJC_ROOT_CLASS = YES_ERROR;
				CLANG_WARN_RANGE_LOOP_ANALYSIS = YES;
				CLANG_WARN_STRICT_PROTOTYPES = YES;
				CLANG_WARN_SUSPICIOUS_MOVE = YES;
				CLANG_WARN_UNGUARDED_AVAILABILITY = YES_AGGRESSIVE;
				CLANG_WARN_UNREACHABLE_CODE = YES;
				CLANG_WARN__DUPLICATE_METHOD_MATCH = YES;
				COPY_PHASE_STRIP = NO;
				DEBUG_INFORMATION_FORMAT = dwarf;
				ENABLE_STRICT_OBJC_MSGSEND = YES;
				ENABLE_TESTABILITY = YES;
				GCC_C_LANGUAGE_STANDARD = gnu11;
				GCC_DYNAMIC_NO_PIC = NO;
				GCC_NO_COMMON_BLOCKS = YES;
				GCC_OPTIMIZATION_LEVEL = 0;
				GCC_PREPROCESSOR_DEFINITIONS = (
					"DEBUG=1",
					"$(inherited)",
				);
				GCC_WARN_64_TO_32_BIT_CONVERSION = YES;
				GCC_WARN_ABOUT_RETURN_TYPE = YES_ERROR;
				GCC_WARN_UNDECLARED_SELECTOR = YES;
				GCC_WARN_UNINITIALIZED_AUTOS = YES_AGGRESSIVE;
				GCC_WARN_UNUSED_FUNCTION = YES;
				GCC_WARN_UNUSED_VARIABLE = YES;
				IPHONEOS_DEPLOYMENT_TARGET = 13.5;
				MTL_ENABLE_DEBUG_INFO = INCLUDE_SOURCE;
				MTL_FAST_MATH = YES;
				ONLY_ACTIVE_ARCH = YES;
				SDKROOT = iphoneos;
				SWIFT_ACTIVE_COMPILATION_CONDITIONS = DEBUG;
				SWIFT_OPTIMIZATION_LEVEL = "-Onone";
			};
			name = Debug;
		};
		5C01A732253704C3004A598D /* Release */ = {
			isa = XCBuildConfiguration;
			buildSettings = {
				ALWAYS_SEARCH_USER_PATHS = NO;
				CLANG_ANALYZER_NONNULL = YES;
				CLANG_ANALYZER_NUMBER_OBJECT_CONVERSION = YES_AGGRESSIVE;
				CLANG_CXX_LANGUAGE_STANDARD = "gnu++14";
				CLANG_CXX_LIBRARY = "libc++";
				CLANG_ENABLE_MODULES = YES;
				CLANG_ENABLE_OBJC_ARC = YES;
				CLANG_ENABLE_OBJC_WEAK = YES;
				CLANG_WARN_BLOCK_CAPTURE_AUTORELEASING = YES;
				CLANG_WARN_BOOL_CONVERSION = YES;
				CLANG_WARN_COMMA = YES;
				CLANG_WARN_CONSTANT_CONVERSION = YES;
				CLANG_WARN_DEPRECATED_OBJC_IMPLEMENTATIONS = YES;
				CLANG_WARN_DIRECT_OBJC_ISA_USAGE = YES_ERROR;
				CLANG_WARN_DOCUMENTATION_COMMENTS = YES;
				CLANG_WARN_EMPTY_BODY = YES;
				CLANG_WARN_ENUM_CONVERSION = YES;
				CLANG_WARN_INFINITE_RECURSION = YES;
				CLANG_WARN_INT_CONVERSION = YES;
				CLANG_WARN_NON_LITERAL_NULL_CONVERSION = YES;
				CLANG_WARN_OBJC_IMPLICIT_RETAIN_SELF = YES;
				CLANG_WARN_OBJC_LITERAL_CONVERSION = YES;
				CLANG_WARN_OBJC_ROOT_CLASS = YES_ERROR;
				CLANG_WARN_RANGE_LOOP_ANALYSIS = YES;
				CLANG_WARN_STRICT_PROTOTYPES = YES;
				CLANG_WARN_SUSPICIOUS_MOVE = YES;
				CLANG_WARN_UNGUARDED_AVAILABILITY = YES_AGGRESSIVE;
				CLANG_WARN_UNREACHABLE_CODE = YES;
				CLANG_WARN__DUPLICATE_METHOD_MATCH = YES;
				COPY_PHASE_STRIP = NO;
				DEBUG_INFORMATION_FORMAT = "dwarf-with-dsym";
				ENABLE_NS_ASSERTIONS = NO;
				ENABLE_STRICT_OBJC_MSGSEND = YES;
				GCC_C_LANGUAGE_STANDARD = gnu11;
				GCC_NO_COMMON_BLOCKS = YES;
				GCC_WARN_64_TO_32_BIT_CONVERSION = YES;
				GCC_WARN_ABOUT_RETURN_TYPE = YES_ERROR;
				GCC_WARN_UNDECLARED_SELECTOR = YES;
				GCC_WARN_UNINITIALIZED_AUTOS = YES_AGGRESSIVE;
				GCC_WARN_UNUSED_FUNCTION = YES;
				GCC_WARN_UNUSED_VARIABLE = YES;
				IPHONEOS_DEPLOYMENT_TARGET = 13.5;
				MTL_ENABLE_DEBUG_INFO = NO;
				MTL_FAST_MATH = YES;
				SDKROOT = iphoneos;
				SWIFT_COMPILATION_MODE = wholemodule;
				SWIFT_OPTIMIZATION_LEVEL = "-O";
				VALIDATE_PRODUCT = YES;
			};
			name = Release;
		};
		5C01A734253704C3004A598D /* Debug */ = {
			isa = XCBuildConfiguration;
			baseConfigurationReference = 175AFBDBC78B0BBF115F8175 /* Pods-CodingAssignment.debug.xcconfig */;
			buildSettings = {
				ASSETCATALOG_COMPILER_APPICON_NAME = AppIcon;
				CODE_SIGN_STYLE = Automatic;
				INFOPLIST_FILE = CodingAssignment/Info.plist;
				IPHONEOS_DEPLOYMENT_TARGET = 11.0;
				LD_RUNPATH_SEARCH_PATHS = (
					"$(inherited)",
					"@executable_path/Frameworks",
				);
				PRODUCT_BUNDLE_IDENTIFIER = com.CodingAssignment;
				PRODUCT_NAME = "$(TARGET_NAME)";
				SWIFT_VERSION = 5.0;
				TARGETED_DEVICE_FAMILY = "1,2";
			};
			name = Debug;
		};
		5C01A735253704C3004A598D /* Release */ = {
			isa = XCBuildConfiguration;
			baseConfigurationReference = B4B488F927FA643C2315F772 /* Pods-CodingAssignment.release.xcconfig */;
			buildSettings = {
				ASSETCATALOG_COMPILER_APPICON_NAME = AppIcon;
				CODE_SIGN_STYLE = Automatic;
				INFOPLIST_FILE = CodingAssignment/Info.plist;
				IPHONEOS_DEPLOYMENT_TARGET = 11.0;
				LD_RUNPATH_SEARCH_PATHS = (
					"$(inherited)",
					"@executable_path/Frameworks",
				);
				PRODUCT_BUNDLE_IDENTIFIER = com.CodingAssignment;
				PRODUCT_NAME = "$(TARGET_NAME)";
				SWIFT_VERSION = 5.0;
				TARGETED_DEVICE_FAMILY = "1,2";
			};
			name = Release;
		};
		5C01A737253704C3004A598D /* Debug */ = {
			isa = XCBuildConfiguration;
			baseConfigurationReference = A255D031EC0BC2D8C4E68733 /* Pods-CodingAssignmentTests.debug.xcconfig */;
			buildSettings = {
				ALWAYS_EMBED_SWIFT_STANDARD_LIBRARIES = YES;
				BUNDLE_LOADER = "$(TEST_HOST)";
				CODE_SIGN_STYLE = Automatic;
				INFOPLIST_FILE = CodingAssignmentTests/Info.plist;
				IPHONEOS_DEPLOYMENT_TARGET = 11.0;
				LD_RUNPATH_SEARCH_PATHS = (
					"$(inherited)",
					"@executable_path/Frameworks",
					"@loader_path/Frameworks",
				);
				PRODUCT_BUNDLE_IDENTIFIER = com.CodingAssignmentTests;
				PRODUCT_NAME = "$(TARGET_NAME)";
				SWIFT_VERSION = 5.0;
				TARGETED_DEVICE_FAMILY = "1,2";
				TEST_HOST = "$(BUILT_PRODUCTS_DIR)/CodingAssignment.app/CodingAssignment";
			};
			name = Debug;
		};
		5C01A738253704C3004A598D /* Release */ = {
			isa = XCBuildConfiguration;
			baseConfigurationReference = 94652D8F10A039DBDCA0B4B0 /* Pods-CodingAssignmentTests.release.xcconfig */;
			buildSettings = {
				ALWAYS_EMBED_SWIFT_STANDARD_LIBRARIES = YES;
				BUNDLE_LOADER = "$(TEST_HOST)";
				CODE_SIGN_STYLE = Automatic;
				INFOPLIST_FILE = CodingAssignmentTests/Info.plist;
				IPHONEOS_DEPLOYMENT_TARGET = 11.0;
				LD_RUNPATH_SEARCH_PATHS = (
					"$(inherited)",
					"@executable_path/Frameworks",
					"@loader_path/Frameworks",
				);
				PRODUCT_BUNDLE_IDENTIFIER = com.CodingAssignmentTests;
				PRODUCT_NAME = "$(TARGET_NAME)";
				SWIFT_VERSION = 5.0;
				TARGETED_DEVICE_FAMILY = "1,2";
				TEST_HOST = "$(BUILT_PRODUCTS_DIR)/CodingAssignment.app/CodingAssignment";
			};
			name = Release;
		};
		5C01A73A253704C3004A598D /* Debug */ = {
			isa = XCBuildConfiguration;
			baseConfigurationReference = D74CF8E315038B3279907499 /* Pods-CodingAssignment-CodingAssignmentUITests.debug.xcconfig */;
			buildSettings = {
				ALWAYS_EMBED_SWIFT_STANDARD_LIBRARIES = YES;
				CODE_SIGN_STYLE = Automatic;
				INFOPLIST_FILE = CodingAssignmentUITests/Info.plist;
				IPHONEOS_DEPLOYMENT_TARGET = 11.0;
				LD_RUNPATH_SEARCH_PATHS = (
					"$(inherited)",
					"@executable_path/Frameworks",
					"@loader_path/Frameworks",
				);
				PRODUCT_BUNDLE_IDENTIFIER = com.CodingAssignmentUITests;
				PRODUCT_NAME = "$(TARGET_NAME)";
				SWIFT_VERSION = 5.0;
				TARGETED_DEVICE_FAMILY = "1,2";
				TEST_TARGET_NAME = CodingAssignment;
			};
			name = Debug;
		};
		5C01A73B253704C3004A598D /* Release */ = {
			isa = XCBuildConfiguration;
			baseConfigurationReference = FB94B211F6B3D86B8E30307B /* Pods-CodingAssignment-CodingAssignmentUITests.release.xcconfig */;
			buildSettings = {
				ALWAYS_EMBED_SWIFT_STANDARD_LIBRARIES = YES;
				CODE_SIGN_STYLE = Automatic;
				INFOPLIST_FILE = CodingAssignmentUITests/Info.plist;
				IPHONEOS_DEPLOYMENT_TARGET = 11.0;
				LD_RUNPATH_SEARCH_PATHS = (
					"$(inherited)",
					"@executable_path/Frameworks",
					"@loader_path/Frameworks",
				);
				PRODUCT_BUNDLE_IDENTIFIER = com.CodingAssignmentUITests;
				PRODUCT_NAME = "$(TARGET_NAME)";
				SWIFT_VERSION = 5.0;
				TARGETED_DEVICE_FAMILY = "1,2";
				TEST_TARGET_NAME = CodingAssignment;
			};
			name = Release;
		};
/* End XCBuildConfiguration section */

/* Begin XCConfigurationList section */
		5C01A704253704C2004A598D /* Build configuration list for PBXProject "CodingAssignment" */ = {
			isa = XCConfigurationList;
			buildConfigurations = (
				5C01A731253704C3004A598D /* Debug */,
				5C01A732253704C3004A598D /* Release */,
			);
			defaultConfigurationIsVisible = 0;
			defaultConfigurationName = Release;
		};
		5C01A733253704C3004A598D /* Build configuration list for PBXNativeTarget "CodingAssignment" */ = {
			isa = XCConfigurationList;
			buildConfigurations = (
				5C01A734253704C3004A598D /* Debug */,
				5C01A735253704C3004A598D /* Release */,
			);
			defaultConfigurationIsVisible = 0;
			defaultConfigurationName = Release;
		};
		5C01A736253704C3004A598D /* Build configuration list for PBXNativeTarget "CodingAssignmentTests" */ = {
			isa = XCConfigurationList;
			buildConfigurations = (
				5C01A737253704C3004A598D /* Debug */,
				5C01A738253704C3004A598D /* Release */,
			);
			defaultConfigurationIsVisible = 0;
			defaultConfigurationName = Release;
		};
		5C01A739253704C3004A598D /* Build configuration list for PBXNativeTarget "CodingAssignmentUITests" */ = {
			isa = XCConfigurationList;
			buildConfigurations = (
				5C01A73A253704C3004A598D /* Debug */,
				5C01A73B253704C3004A598D /* Release */,
			);
			defaultConfigurationIsVisible = 0;
			defaultConfigurationName = Release;
		};
/* End XCConfigurationList section */
	};
	rootObject = 5C01A701253704C2004A598D /* Project object */;
}
