PODS:
  - SDWebImage (5.9.2):
    - SDWebImage/Core (= 5.9.2)
  - SDWebImage/Core (5.9.2)

DEPENDENCIES:
  - SDWebImage

SPEC REPOS:
  trunk:
    - SDWebImage

SPEC CHECKSUMS:
  SDWebImage: 0b42b8719ab0c5257177d5894306e8a336b21cbb

PODFILE CHECKSUM: a4fe2328c802221156a35ad3d319727ee287cf56

COCOAPODS: 1.9.3
